// !$*UTF8*$!
{
	archiveVersion = 1;
	classes = {
	};
	objectVersion = 52;
	objects = {

/* Begin PBXBuildFile section */
		A3FFA0F124E022BE003228BF /* main.swift in Sources */ = {isa = PBXBuildFile; fileRef = A3FFA0F024E022BE003228BF /* main.swift */; };
		A3FFA0FC24E02407003228BF /* SetupFlow.swift in Sources */ = {isa = PBXBuildFile; fileRef = A3FFA0FB24E02407003228BF /* SetupFlow.swift */; };
		A3FFA0FE24E02419003228BF /* StockInfoProvider.swift in Sources */ = {isa = PBXBuildFile; fileRef = A3FFA0FD24E02419003228BF /* StockInfoProvider.swift */; };
		A3FFA10224E172DC003228BF /* IEXCloudAPI.swift in Sources */ = {isa = PBXBuildFile; fileRef = A3FFA10124E172DC003228BF /* IEXCloudAPI.swift */; };
		A3FFA10524E41F8A003228BF /* FMDB in Frameworks */ = {isa = PBXBuildFile; productRef = A3FFA10424E41F8A003228BF /* FMDB */; };
		A3FFA10724E56DD3003228BF /* ConfigFile.swift in Sources */ = {isa = PBXBuildFile; fileRef = A3FFA0FF24E07895003228BF /* ConfigFile.swift */; };
		A3FFA10824E56DDE003228BF /* Prompt.swift in Sources */ = {isa = PBXBuildFile; fileRef = A3FFA0F924E023FE003228BF /* Prompt.swift */; };
		A3FFA10B24E56E26003228BF /* DatabaseFileManager.swift in Sources */ = {isa = PBXBuildFile; fileRef = A3FFA10A24E56E26003228BF /* DatabaseFileManager.swift */; };
		A3FFA10D24E85504003228BF /* Logger.swift in Sources */ = {isa = PBXBuildFile; fileRef = A3FFA10C24E85504003228BF /* Logger.swift */; };
		A3FFA10F24E8765C003228BF /* MainFlow.swift in Sources */ = {isa = PBXBuildFile; fileRef = A3FFA10E24E8765C003228BF /* MainFlow.swift */; };
		A3FFA11124E87836003228BF /* BuyFlow.swift in Sources */ = {isa = PBXBuildFile; fileRef = A3FFA11024E87836003228BF /* BuyFlow.swift */; };
		A3FFA11324E8819E003228BF /* DatabaseIO.swift in Sources */ = {isa = PBXBuildFile; fileRef = A3FFA11224E8819E003228BF /* DatabaseIO.swift */; };
		A3FFA11724EC116D003228BF /* DatabaseUtilities.swift in Sources */ = {isa = PBXBuildFile; fileRef = A3FFA11624EC116D003228BF /* DatabaseUtilities.swift */; };
		A3FFA11924EE00DC003228BF /* DatabaseTypes.swift in Sources */ = {isa = PBXBuildFile; fileRef = A3FFA11824EE00DC003228BF /* DatabaseTypes.swift */; };
		A3FFA11B24EE093D003228BF /* PriceCache.swift in Sources */ = {isa = PBXBuildFile; fileRef = A3FFA11A24EE093D003228BF /* PriceCache.swift */; };
		A3FFA12024EF2D0D003228BF /* Table.swift in Sources */ = {isa = PBXBuildFile; fileRef = A3FFA11F24EF2D0D003228BF /* Table.swift */; };
/* End PBXBuildFile section */

/* Begin PBXCopyFilesBuildPhase section */
		A3FFA0EB24E022BE003228BF /* CopyFiles */ = {
			isa = PBXCopyFilesBuildPhase;
			buildActionMask = 2147483647;
			dstPath = /usr/share/man/man1/;
			dstSubfolderSpec = 0;
			files = (
			);
			runOnlyForDeploymentPostprocessing = 1;
		};
/* End PBXCopyFilesBuildPhase section */

/* Begin PBXFileReference section */
		A3FFA0ED24E022BE003228BF /* StonksCLI */ = {isa = PBXFileReference; explicitFileType = "compiled.mach-o.executable"; includeInIndex = 0; path = StonksCLI; sourceTree = BUILT_PRODUCTS_DIR; };
		A3FFA0F024E022BE003228BF /* main.swift */ = {isa = PBXFileReference; lastKnownFileType = sourcecode.swift; path = main.swift; sourceTree = "<group>"; };
		A3FFA0F924E023FE003228BF /* Prompt.swift */ = {isa = PBXFileReference; lastKnownFileType = sourcecode.swift; path = Prompt.swift; sourceTree = "<group>"; };
		A3FFA0FB24E02407003228BF /* SetupFlow.swift */ = {isa = PBXFileReference; lastKnownFileType = sourcecode.swift; path = SetupFlow.swift; sourceTree = "<group>"; };
		A3FFA0FD24E02419003228BF /* StockInfoProvider.swift */ = {isa = PBXFileReference; lastKnownFileType = sourcecode.swift; path = StockInfoProvider.swift; sourceTree = "<group>"; };
		A3FFA0FF24E07895003228BF /* ConfigFile.swift */ = {isa = PBXFileReference; lastKnownFileType = sourcecode.swift; path = ConfigFile.swift; sourceTree = "<group>"; };
		A3FFA10124E172DC003228BF /* IEXCloudAPI.swift */ = {isa = PBXFileReference; lastKnownFileType = sourcecode.swift; path = IEXCloudAPI.swift; sourceTree = "<group>"; };
		A3FFA10A24E56E26003228BF /* DatabaseFileManager.swift */ = {isa = PBXFileReference; lastKnownFileType = sourcecode.swift; path = DatabaseFileManager.swift; sourceTree = "<group>"; };
		A3FFA10C24E85504003228BF /* Logger.swift */ = {isa = PBXFileReference; lastKnownFileType = sourcecode.swift; path = Logger.swift; sourceTree = "<group>"; };
		A3FFA10E24E8765C003228BF /* MainFlow.swift */ = {isa = PBXFileReference; lastKnownFileType = sourcecode.swift; path = MainFlow.swift; sourceTree = "<group>"; };
		A3FFA11024E87836003228BF /* BuyFlow.swift */ = {isa = PBXFileReference; lastKnownFileType = sourcecode.swift; path = BuyFlow.swift; sourceTree = "<group>"; };
		A3FFA11224E8819E003228BF /* DatabaseIO.swift */ = {isa = PBXFileReference; lastKnownFileType = sourcecode.swift; path = DatabaseIO.swift; sourceTree = "<group>"; };
		A3FFA11624EC116D003228BF /* DatabaseUtilities.swift */ = {isa = PBXFileReference; lastKnownFileType = sourcecode.swift; path = DatabaseUtilities.swift; sourceTree = "<group>"; };
		A3FFA11824EE00DC003228BF /* DatabaseTypes.swift */ = {isa = PBXFileReference; lastKnownFileType = sourcecode.swift; path = DatabaseTypes.swift; sourceTree = "<group>"; };
		A3FFA11A24EE093D003228BF /* PriceCache.swift */ = {isa = PBXFileReference; lastKnownFileType = sourcecode.swift; path = PriceCache.swift; sourceTree = "<group>"; };
		A3FFA11F24EF2D0D003228BF /* Table.swift */ = {isa = PBXFileReference; lastKnownFileType = sourcecode.swift; path = Table.swift; sourceTree = "<group>"; };
/* End PBXFileReference section */

/* Begin PBXFrameworksBuildPhase section */
		A3FFA0EA24E022BE003228BF /* Frameworks */ = {
			isa = PBXFrameworksBuildPhase;
			buildActionMask = 2147483647;
			files = (
				A3FFA10524E41F8A003228BF /* FMDB in Frameworks */,
			);
			runOnlyForDeploymentPostprocessing = 0;
		};
/* End PBXFrameworksBuildPhase section */

/* Begin PBXGroup section */
		A3FFA0E424E022BE003228BF = {
			isa = PBXGroup;
			children = (
				A3FFA0EF24E022BE003228BF /* StonksCLI */,
				A3FFA0EE24E022BE003228BF /* Products */,
			);
			sourceTree = "<group>";
		};
		A3FFA0EE24E022BE003228BF /* Products */ = {
			isa = PBXGroup;
			children = (
				A3FFA0ED24E022BE003228BF /* StonksCLI */,
			);
			name = Products;
			sourceTree = "<group>";
		};
		A3FFA0EF24E022BE003228BF /* StonksCLI */ = {
			isa = PBXGroup;
			children = (
				A3FFA0F024E022BE003228BF /* main.swift */,
				A3FFA0FF24E07895003228BF /* ConfigFile.swift */,
				A3FFA0F724E023E8003228BF /* Flows */,
				A3FFA12124F03B84003228BF /* UI */,
				A3FFA0F824E023EF003228BF /* Network */,
				A3FFA10924E56DF7003228BF /* Database */,
			);
			path = StonksCLI;
			sourceTree = "<group>";
		};
		A3FFA0F724E023E8003228BF /* Flows */ = {
			isa = PBXGroup;
			children = (
				A3FFA0FB24E02407003228BF /* SetupFlow.swift */,
				A3FFA10E24E8765C003228BF /* MainFlow.swift */,
				A3FFA11024E87836003228BF /* BuyFlow.swift */,
			);
			path = Flows;
			sourceTree = "<group>";
		};
		A3FFA0F824E023EF003228BF /* Network */ = {
			isa = PBXGroup;
			children = (
				A3FFA0FD24E02419003228BF /* StockInfoProvider.swift */,
				A3FFA10124E172DC003228BF /* IEXCloudAPI.swift */,
				A3FFA11A24EE093D003228BF /* PriceCache.swift */,
			);
			path = Network;
			sourceTree = "<group>";
		};
		A3FFA10924E56DF7003228BF /* Database */ = {
			isa = PBXGroup;
			children = (
				A3FFA10A24E56E26003228BF /* DatabaseFileManager.swift */,
				A3FFA11824EE00DC003228BF /* DatabaseTypes.swift */,
				A3FFA11224E8819E003228BF /* DatabaseIO.swift */,
				A3FFA11624EC116D003228BF /* DatabaseUtilities.swift */,
			);
			path = Database;
			sourceTree = "<group>";
		};
		A3FFA12124F03B84003228BF /* UI */ = {
			isa = PBXGroup;
			children = (
				A3FFA0F924E023FE003228BF /* Prompt.swift */,
				A3FFA10C24E85504003228BF /* Logger.swift */,
				A3FFA11F24EF2D0D003228BF /* Table.swift */,
			);
			path = UI;
			sourceTree = "<group>";
		};
/* End PBXGroup section */

/* Begin PBXNativeTarget section */
		A3FFA0EC24E022BE003228BF /* StonksCLI */ = {
			isa = PBXNativeTarget;
			buildConfigurationList = A3FFA0F424E022BE003228BF /* Build configuration list for PBXNativeTarget "StonksCLI" */;
			buildPhases = (
				A3FFA0E924E022BE003228BF /* Sources */,
				A3FFA0EA24E022BE003228BF /* Frameworks */,
				A3FFA0EB24E022BE003228BF /* CopyFiles */,
			);
			buildRules = (
			);
			dependencies = (
			);
			name = StonksCLI;
			packageProductDependencies = (
				A3FFA10424E41F8A003228BF /* FMDB */,
			);
			productName = StonksCLI;
			productReference = A3FFA0ED24E022BE003228BF /* StonksCLI */;
			productType = "com.apple.product-type.tool";
		};
/* End PBXNativeTarget section */

/* Begin PBXProject section */
		A3FFA0E524E022BE003228BF /* Project object */ = {
			isa = PBXProject;
			attributes = {
				LastSwiftUpdateCheck = 1160;
				LastUpgradeCheck = 1160;
				ORGANIZATIONNAME = "Anson Jablinski";
				TargetAttributes = {
					A3FFA0EC24E022BE003228BF = {
						CreatedOnToolsVersion = 11.6;
					};
				};
			};
			buildConfigurationList = A3FFA0E824E022BE003228BF /* Build configuration list for PBXProject "StonksCLI" */;
			compatibilityVersion = "Xcode 9.3";
			developmentRegion = en;
			hasScannedForEncodings = 0;
			knownRegions = (
				en,
				Base,
			);
			mainGroup = A3FFA0E424E022BE003228BF;
			packageReferences = (
				A3FFA10324E41F8A003228BF /* XCRemoteSwiftPackageReference "fmdb" */,
			);
			productRefGroup = A3FFA0EE24E022BE003228BF /* Products */;
			projectDirPath = "";
			projectRoot = "";
			targets = (
				A3FFA0EC24E022BE003228BF /* StonksCLI */,
			);
		};
/* End PBXProject section */

/* Begin PBXSourcesBuildPhase section */
		A3FFA0E924E022BE003228BF /* Sources */ = {
			isa = PBXSourcesBuildPhase;
			buildActionMask = 2147483647;
			files = (
				A3FFA0F124E022BE003228BF /* main.swift in Sources */,
				A3FFA10824E56DDE003228BF /* Prompt.swift in Sources */,
				A3FFA11724EC116D003228BF /* DatabaseUtilities.swift in Sources */,
				A3FFA11124E87836003228BF /* BuyFlow.swift in Sources */,
				A3FFA10724E56DD3003228BF /* ConfigFile.swift in Sources */,
				A3FFA0FE24E02419003228BF /* StockInfoProvider.swift in Sources */,
				A3FFA12024EF2D0D003228BF /* Table.swift in Sources */,
				A3FFA10224E172DC003228BF /* IEXCloudAPI.swift in Sources */,
				A3FFA10F24E8765C003228BF /* MainFlow.swift in Sources */,
				A3FFA0FC24E02407003228BF /* SetupFlow.swift in Sources */,
				A3FFA10B24E56E26003228BF /* DatabaseFileManager.swift in Sources */,
				A3FFA11B24EE093D003228BF /* PriceCache.swift in Sources */,
				A3FFA10D24E85504003228BF /* Logger.swift in Sources */,
				A3FFA11324E8819E003228BF /* DatabaseIO.swift in Sources */,
				A3FFA11924EE00DC003228BF /* DatabaseTypes.swift in Sources */,
			);
			runOnlyForDeploymentPostprocessing = 0;
		};
/* End PBXSourcesBuildPhase section */

/* Begin XCBuildConfiguration section */
		A3FFA0F224E022BE003228BF /* Debug */ = {
			isa = XCBuildConfiguration;
			buildSettings = {
				ALWAYS_SEARCH_USER_PATHS = NO;
				CLANG_ANALYZER_NONNULL = YES;
				CLANG_ANALYZER_NUMBER_OBJECT_CONVERSION = YES_AGGRESSIVE;
				CLANG_CXX_LANGUAGE_STANDARD = "gnu++14";
				CLANG_CXX_LIBRARY = "libc++";
				CLANG_ENABLE_MODULES = YES;
				CLANG_ENABLE_OBJC_ARC = YES;
				CLANG_ENABLE_OBJC_WEAK = YES;
				CLANG_WARN_BLOCK_CAPTURE_AUTORELEASING = YES;
				CLANG_WARN_BOOL_CONVERSION = YES;
				CLANG_WARN_COMMA = YES;
				CLANG_WARN_CONSTANT_CONVERSION = YES;
				CLANG_WARN_DEPRECATED_OBJC_IMPLEMENTATIONS = YES;
				CLANG_WARN_DIRECT_OBJC_ISA_USAGE = YES_ERROR;
				CLANG_WARN_DOCUMENTATION_COMMENTS = YES;
				CLANG_WARN_EMPTY_BODY = YES;
				CLANG_WARN_ENUM_CONVERSION = YES;
				CLANG_WARN_INFINITE_RECURSION = YES;
				CLANG_WARN_INT_CONVERSION = YES;
				CLANG_WARN_NON_LITERAL_NULL_CONVERSION = YES;
				CLANG_WARN_OBJC_IMPLICIT_RETAIN_SELF = YES;
				CLANG_WARN_OBJC_LITERAL_CONVERSION = YES;
				CLANG_WARN_OBJC_ROOT_CLASS = YES_ERROR;
				CLANG_WARN_RANGE_LOOP_ANALYSIS = YES;
				CLANG_WARN_STRICT_PROTOTYPES = YES;
				CLANG_WARN_SUSPICIOUS_MOVE = YES;
				CLANG_WARN_UNGUARDED_AVAILABILITY = YES_AGGRESSIVE;
				CLANG_WARN_UNREACHABLE_CODE = YES;
				CLANG_WARN__DUPLICATE_METHOD_MATCH = YES;
				COPY_PHASE_STRIP = NO;
				DEBUG_INFORMATION_FORMAT = dwarf;
				ENABLE_STRICT_OBJC_MSGSEND = YES;
				ENABLE_TESTABILITY = YES;
				GCC_C_LANGUAGE_STANDARD = gnu11;
				GCC_DYNAMIC_NO_PIC = NO;
				GCC_NO_COMMON_BLOCKS = YES;
				GCC_OPTIMIZATION_LEVEL = 0;
				GCC_PREPROCESSOR_DEFINITIONS = (
					"DEBUG=1",
					"$(inherited)",
				);
				GCC_WARN_64_TO_32_BIT_CONVERSION = YES;
				GCC_WARN_ABOUT_RETURN_TYPE = YES_ERROR;
				GCC_WARN_UNDECLARED_SELECTOR = YES;
				GCC_WARN_UNINITIALIZED_AUTOS = YES_AGGRESSIVE;
				GCC_WARN_UNUSED_FUNCTION = YES;
				GCC_WARN_UNUSED_VARIABLE = YES;
				MACOSX_DEPLOYMENT_TARGET = 10.15;
				MTL_ENABLE_DEBUG_INFO = INCLUDE_SOURCE;
				MTL_FAST_MATH = YES;
				ONLY_ACTIVE_ARCH = YES;
				SDKROOT = macosx;
				SWIFT_ACTIVE_COMPILATION_CONDITIONS = DEBUG;
				SWIFT_OPTIMIZATION_LEVEL = "-Onone";
			};
			name = Debug;
		};
		A3FFA0F324E022BE003228BF /* Release */ = {
			isa = XCBuildConfiguration;
			buildSettings = {
				ALWAYS_SEARCH_USER_PATHS = NO;
				CLANG_ANALYZER_NONNULL = YES;
				CLANG_ANALYZER_NUMBER_OBJECT_CONVERSION = YES_AGGRESSIVE;
				CLANG_CXX_LANGUAGE_STANDARD = "gnu++14";
				CLANG_CXX_LIBRARY = "libc++";
				CLANG_ENABLE_MODULES = YES;
				CLANG_ENABLE_OBJC_ARC = YES;
				CLANG_ENABLE_OBJC_WEAK = YES;
				CLANG_WARN_BLOCK_CAPTURE_AUTORELEASING = YES;
				CLANG_WARN_BOOL_CONVERSION = YES;
				CLANG_WARN_COMMA = YES;
				CLANG_WARN_CONSTANT_CONVERSION = YES;
				CLANG_WARN_DEPRECATED_OBJC_IMPLEMENTATIONS = YES;
				CLANG_WARN_DIRECT_OBJC_ISA_USAGE = YES_ERROR;
				CLANG_WARN_DOCUMENTATION_COMMENTS = YES;
				CLANG_WARN_EMPTY_BODY = YES;
				CLANG_WARN_ENUM_CONVERSION = YES;
				CLANG_WARN_INFINITE_RECURSION = YES;
				CLANG_WARN_INT_CONVERSION = YES;
				CLANG_WARN_NON_LITERAL_NULL_CONVERSION = YES;
				CLANG_WARN_OBJC_IMPLICIT_RETAIN_SELF = YES;
				CLANG_WARN_OBJC_LITERAL_CONVERSION = YES;
				CLANG_WARN_OBJC_ROOT_CLASS = YES_ERROR;
				CLANG_WARN_RANGE_LOOP_ANALYSIS = YES;
				CLANG_WARN_STRICT_PROTOTYPES = YES;
				CLANG_WARN_SUSPICIOUS_MOVE = YES;
				CLANG_WARN_UNGUARDED_AVAILABILITY = YES_AGGRESSIVE;
				CLANG_WARN_UNREACHABLE_CODE = YES;
				CLANG_WARN__DUPLICATE_METHOD_MATCH = YES;
				COPY_PHASE_STRIP = NO;
				DEBUG_INFORMATION_FORMAT = "dwarf-with-dsym";
				ENABLE_NS_ASSERTIONS = NO;
				ENABLE_STRICT_OBJC_MSGSEND = YES;
				GCC_C_LANGUAGE_STANDARD = gnu11;
				GCC_NO_COMMON_BLOCKS = YES;
				GCC_WARN_64_TO_32_BIT_CONVERSION = YES;
				GCC_WARN_ABOUT_RETURN_TYPE = YES_ERROR;
				GCC_WARN_UNDECLARED_SELECTOR = YES;
				GCC_WARN_UNINITIALIZED_AUTOS = YES_AGGRESSIVE;
				GCC_WARN_UNUSED_FUNCTION = YES;
				GCC_WARN_UNUSED_VARIABLE = YES;
				MACOSX_DEPLOYMENT_TARGET = 10.15;
				MTL_ENABLE_DEBUG_INFO = NO;
				MTL_FAST_MATH = YES;
				SDKROOT = macosx;
				SWIFT_COMPILATION_MODE = wholemodule;
				SWIFT_OPTIMIZATION_LEVEL = "-O";
			};
			name = Release;
		};
		A3FFA0F524E022BE003228BF /* Debug */ = {
			isa = XCBuildConfiguration;
			buildSettings = {
				CODE_SIGN_STYLE = Automatic;
				PRODUCT_NAME = "$(TARGET_NAME)";
				SWIFT_VERSION = 5.0;
			};
			name = Debug;
		};
		A3FFA0F624E022BE003228BF /* Release */ = {
			isa = XCBuildConfiguration;
			buildSettings = {
				CODE_SIGN_STYLE = Automatic;
				PRODUCT_NAME = "$(TARGET_NAME)";
				SWIFT_VERSION = 5.0;
			};
			name = Release;
		};
/* End XCBuildConfiguration section */

/* Begin XCConfigurationList section */
		A3FFA0E824E022BE003228BF /* Build configuration list for PBXProject "StonksCLI" */ = {
			isa = XCConfigurationList;
			buildConfigurations = (
				A3FFA0F224E022BE003228BF /* Debug */,
				A3FFA0F324E022BE003228BF /* Release */,
			);
			defaultConfigurationIsVisible = 0;
			defaultConfigurationName = Release;
		};
		A3FFA0F424E022BE003228BF /* Build configuration list for PBXNativeTarget "StonksCLI" */ = {
			isa = XCConfigurationList;
			buildConfigurations = (
				A3FFA0F524E022BE003228BF /* Debug */,
				A3FFA0F624E022BE003228BF /* Release */,
			);
			defaultConfigurationIsVisible = 0;
			defaultConfigurationName = Release;
		};
/* End XCConfigurationList section */

/* Begin XCRemoteSwiftPackageReference section */
		A3FFA10324E41F8A003228BF /* XCRemoteSwiftPackageReference "fmdb" */ = {
			isa = XCRemoteSwiftPackageReference;
			repositoryURL = "https://github.com/ccgus/fmdb";
			requirement = {
				kind = upToNextMinorVersion;
				minimumVersion = 2.7.7;
			};
		};
/* End XCRemoteSwiftPackageReference section */

/* Begin XCSwiftPackageProductDependency section */
		A3FFA10424E41F8A003228BF /* FMDB */ = {
			isa = XCSwiftPackageProductDependency;
			package = A3FFA10324E41F8A003228BF /* XCRemoteSwiftPackageReference "fmdb" */;
			productName = FMDB;
		};
/* End XCSwiftPackageProductDependency section */
	};
	rootObject = A3FFA0E524E022BE003228BF /* Project object */;
}
